Microsoft Visual Studio Solution File, Format Version 11.00
# Visual Studio 2010
Project("{FAE04EC0-301F-11D3-BF4B-00C04F79EFBC}") = "TQVaultTTLib", "TQVaultTTLib\TQVaultTTLib.csproj", "{3AE902D8-BFE9-485C-93DF-37439E358E61}"
EndProject
Project("{FAE04EC0-301F-11D3-BF4B-00C04F79EFBC}") = "TQVaultMon", "TQVaultMon\TQVaultMon.csproj", "{E7AA64D9-2594-427D-8CEA-E77E832DF479}"
EndProject
Project("{FAE04EC0-301F-11D3-BF4B-00C04F79EFBC}") = "TQVault", "TQVault\TQVault.csproj", "{5A472C5B-BC7E-46EE-905E-93CCD53E8EAA}"
	ProjectSection(ProjectDependencies) = postProject
		{3AE902D8-BFE9-485C-93DF-37439E358E61} = {3AE902D8-BFE9-485C-93DF-37439E358E61}
		{E7AA64D9-2594-427D-8CEA-E77E832DF479} = {E7AA64D9-2594-427D-8CEA-E77E832DF479}
	EndProjectSection
EndProject
Project("{54435603-DBB4-11D2-8724-00A0C9A8B90C}") = "Setup", "Setup\Setup.vdproj", "{A5F0DB98-CA1C-4432-A174-CBF39AE6A5E2}"
EndProject
Project("{FAE04EC0-301F-11D3-BF4B-00C04F79EFBC}") = "TQVUpdate", "TQVUpdate\TQVUpdate.csproj", "{4100C779-F415-4FFF-91CB-B427ED1A01E0}"
EndProject
Project("{FAE04EC0-301F-11D3-BF4B-00C04F79EFBC}") = "ExpressionEvaluator", "ExpEval\ExpressionEvaluator.csproj", "{E0665CA0-EA9D-452D-BAFC-1F369815423D}"
EndProject
Project("{FAE04EC0-301F-11D3-BF4B-00C04F79EFBC}") = "TQVaultData", "TQVaultData\TQVaultData.csproj", "{35474E71-4ED2-4C3C-8BDB-C33D2B260496}"
EndProject
Project("{FAE04EC0-301F-11D3-BF4B-00C04F79EFBC}") = "ArzExplorer", "ARZExplorer\ArzExplorer.csproj", "{F5582F3E-552C-4EDA-B4EE-3F4BD9B0A9CF}"
EndProject
Global
	GlobalSection(SolutionConfigurationPlatforms) = preSolution
		Debug|Any CPU = Debug|Any CPU
		Debug|Mixed Platforms = Debug|Mixed Platforms
		Debug|Win32 = Debug|Win32
		Debug|x64 = Debug|x64
		Debug|x86 = Debug|x86
		Release|Any CPU = Release|Any CPU
		Release|Mixed Platforms = Release|Mixed Platforms
		Release|Win32 = Release|Win32
		Release|x64 = Release|x64
		Release|x86 = Release|x86
	EndGlobalSection
	GlobalSection(ProjectConfigurationPlatforms) = postSolution
		{3AE902D8-BFE9-485C-93DF-37439E358E61}.Debug|Any CPU.ActiveCfg = Debug|Any CPU
		{3AE902D8-BFE9-485C-93DF-37439E358E61}.Debug|Any CPU.Build.0 = Debug|Any CPU
		{3AE902D8-BFE9-485C-93DF-37439E358E61}.Debug|Mixed Platforms.ActiveCfg = Debug|x86
		{3AE902D8-BFE9-485C-93DF-37439E358E61}.Debug|Mixed Platforms.Build.0 = Debug|x86
		{3AE902D8-BFE9-485C-93DF-37439E358E61}.Debug|Win32.ActiveCfg = Debug|Any CPU
		{3AE902D8-BFE9-485C-93DF-37439E358E61}.Debug|x64.ActiveCfg = Debug|x86
		{3AE902D8-BFE9-485C-93DF-37439E358E61}.Debug|x86.ActiveCfg = Debug|x86
		{3AE902D8-BFE9-485C-93DF-37439E358E61}.Debug|x86.Build.0 = Debug|x86
		{3AE902D8-BFE9-485C-93DF-37439E358E61}.Release|Any CPU.ActiveCfg = Release|Any CPU
		{3AE902D8-BFE9-485C-93DF-37439E358E61}.Release|Any CPU.Build.0 = Release|Any CPU
		{3AE902D8-BFE9-485C-93DF-37439E358E61}.Release|Mixed Platforms.ActiveCfg = Release|x86
		{3AE902D8-BFE9-485C-93DF-37439E358E61}.Release|Mixed Platforms.Build.0 = Release|x86
		{3AE902D8-BFE9-485C-93DF-37439E358E61}.Release|Win32.ActiveCfg = Release|Any CPU
		{3AE902D8-BFE9-485C-93DF-37439E358E61}.Release|x64.ActiveCfg = Release|x86
		{3AE902D8-BFE9-485C-93DF-37439E358E61}.Release|x86.ActiveCfg = Release|x86
		{3AE902D8-BFE9-485C-93DF-37439E358E61}.Release|x86.Build.0 = Release|x86
		{E7AA64D9-2594-427D-8CEA-E77E832DF479}.Debug|Any CPU.ActiveCfg = Debug|Any CPU
		{E7AA64D9-2594-427D-8CEA-E77E832DF479}.Debug|Any CPU.Build.0 = Debug|Any CPU
		{E7AA64D9-2594-427D-8CEA-E77E832DF479}.Debug|Mixed Platforms.ActiveCfg = Debug|Any CPU
		{E7AA64D9-2594-427D-8CEA-E77E832DF479}.Debug|Mixed Platforms.Build.0 = Debug|Any CPU
		{E7AA64D9-2594-427D-8CEA-E77E832DF479}.Debug|Win32.ActiveCfg = Debug|Any CPU
		{E7AA64D9-2594-427D-8CEA-E77E832DF479}.Debug|x64.ActiveCfg = Debug|Any CPU
		{E7AA64D9-2594-427D-8CEA-E77E832DF479}.Debug|x86.ActiveCfg = Debug|Any CPU
		{E7AA64D9-2594-427D-8CEA-E77E832DF479}.Debug|x86.Build.0 = Debug|Any CPU
		{E7AA64D9-2594-427D-8CEA-E77E832DF479}.Release|Any CPU.ActiveCfg = Release|Any CPU
		{E7AA64D9-2594-427D-8CEA-E77E832DF479}.Release|Any CPU.Build.0 = Release|Any CPU
		{E7AA64D9-2594-427D-8CEA-E77E832DF479}.Release|Mixed Platforms.ActiveCfg = Release|Any CPU
		{E7AA64D9-2594-427D-8CEA-E77E832DF479}.Release|Mixed Platforms.Build.0 = Release|Any CPU
		{E7AA64D9-2594-427D-8CEA-E77E832DF479}.Release|Win32.ActiveCfg = Release|Any CPU
		{E7AA64D9-2594-427D-8CEA-E77E832DF479}.Release|x64.ActiveCfg = Release|Any CPU
		{E7AA64D9-2594-427D-8CEA-E77E832DF479}.Release|x86.ActiveCfg = Release|Any CPU
		{E7AA64D9-2594-427D-8CEA-E77E832DF479}.Release|x86.Build.0 = Release|Any CPU
		{5A472C5B-BC7E-46EE-905E-93CCD53E8EAA}.Debug|Any CPU.ActiveCfg = Debug|Any CPU
		{5A472C5B-BC7E-46EE-905E-93CCD53E8EAA}.Debug|Any CPU.Build.0 = Debug|Any CPU
		{5A472C5B-BC7E-46EE-905E-93CCD53E8EAA}.Debug|Mixed Platforms.ActiveCfg = Debug|Any CPU
		{5A472C5B-BC7E-46EE-905E-93CCD53E8EAA}.Debug|Mixed Platforms.Build.0 = Debug|Any CPU
		{5A472C5B-BC7E-46EE-905E-93CCD53E8EAA}.Debug|Win32.ActiveCfg = Debug|Any CPU
		{5A472C5B-BC7E-46EE-905E-93CCD53E8EAA}.Debug|x64.ActiveCfg = Debug|Any CPU
		{5A472C5B-BC7E-46EE-905E-93CCD53E8EAA}.Debug|x86.ActiveCfg = Debug|Any CPU
		{5A472C5B-BC7E-46EE-905E-93CCD53E8EAA}.Debug|x86.Build.0 = Debug|Any CPU
		{5A472C5B-BC7E-46EE-905E-93CCD53E8EAA}.Release|Any CPU.ActiveCfg = Release|Any CPU
		{5A472C5B-BC7E-46EE-905E-93CCD53E8EAA}.Release|Any CPU.Build.0 = Release|Any CPU
		{5A472C5B-BC7E-46EE-905E-93CCD53E8EAA}.Release|Mixed Platforms.ActiveCfg = Release|Any CPU
		{5A472C5B-BC7E-46EE-905E-93CCD53E8EAA}.Release|Mixed Platforms.Build.0 = Release|Any CPU
		{5A472C5B-BC7E-46EE-905E-93CCD53E8EAA}.Release|Win32.ActiveCfg = Release|Any CPU
		{5A472C5B-BC7E-46EE-905E-93CCD53E8EAA}.Release|x64.ActiveCfg = Release|Any CPU
		{5A472C5B-BC7E-46EE-905E-93CCD53E8EAA}.Release|x86.ActiveCfg = Release|Any CPU
		{5A472C5B-BC7E-46EE-905E-93CCD53E8EAA}.Release|x86.Build.0 = Release|Any CPU
		{A5F0DB98-CA1C-4432-A174-CBF39AE6A5E2}.Debug|Any CPU.ActiveCfg = Debug
		{A5F0DB98-CA1C-4432-A174-CBF39AE6A5E2}.Debug|Any CPU.Build.0 = Debug
		{A5F0DB98-CA1C-4432-A174-CBF39AE6A5E2}.Debug|Mixed Platforms.ActiveCfg = Debug
		{A5F0DB98-CA1C-4432-A174-CBF39AE6A5E2}.Debug|Win32.ActiveCfg = Debug
		{A5F0DB98-CA1C-4432-A174-CBF39AE6A5E2}.Debug|Win32.Build.0 = Debug
		{A5F0DB98-CA1C-4432-A174-CBF39AE6A5E2}.Debug|x64.ActiveCfg = Debug
		{A5F0DB98-CA1C-4432-A174-CBF39AE6A5E2}.Debug|x64.Build.0 = Debug
		{A5F0DB98-CA1C-4432-A174-CBF39AE6A5E2}.Debug|x86.ActiveCfg = Debug
		{A5F0DB98-CA1C-4432-A174-CBF39AE6A5E2}.Release|Any CPU.ActiveCfg = Release
		{A5F0DB98-CA1C-4432-A174-CBF39AE6A5E2}.Release|Any CPU.Build.0 = Release
		{A5F0DB98-CA1C-4432-A174-CBF39AE6A5E2}.Release|Mixed Platforms.ActiveCfg = Release
		{A5F0DB98-CA1C-4432-A174-CBF39AE6A5E2}.Release|Win32.ActiveCfg = Release
		{A5F0DB98-CA1C-4432-A174-CBF39AE6A5E2}.Release|Win32.Build.0 = Release
		{A5F0DB98-CA1C-4432-A174-CBF39AE6A5E2}.Release|x64.ActiveCfg = Release
		{A5F0DB98-CA1C-4432-A174-CBF39AE6A5E2}.Release|x64.Build.0 = Release
		{A5F0DB98-CA1C-4432-A174-CBF39AE6A5E2}.Release|x86.ActiveCfg = Release
		{4100C779-F415-4FFF-91CB-B427ED1A01E0}.Debug|Any CPU.ActiveCfg = Debug|Any CPU
		{4100C779-F415-4FFF-91CB-B427ED1A01E0}.Debug|Any CPU.Build.0 = Debug|Any CPU
		{4100C779-F415-4FFF-91CB-B427ED1A01E0}.Debug|Mixed Platforms.ActiveCfg = Debug|Any CPU
		{4100C779-F415-4FFF-91CB-B427ED1A01E0}.Debug|Mixed Platforms.Build.0 = Debug|Any CPU
		{4100C779-F415-4FFF-91CB-B427ED1A01E0}.Debug|Win32.ActiveCfg = Debug|Any CPU
		{4100C779-F415-4FFF-91CB-B427ED1A01E0}.Debug|x64.ActiveCfg = Debug|Any CPU
		{4100C779-F415-4FFF-91CB-B427ED1A01E0}.Debug|x86.ActiveCfg = Debug|Any CPU
		{4100C779-F415-4FFF-91CB-B427ED1A01E0}.Debug|x86.Build.0 = Debug|Any CPU
		{4100C779-F415-4FFF-91CB-B427ED1A01E0}.Release|Any CPU.ActiveCfg = Release|Any CPU
		{4100C779-F415-4FFF-91CB-B427ED1A01E0}.Release|Any CPU.Build.0 = Release|Any CPU
		{4100C779-F415-4FFF-91CB-B427ED1A01E0}.Release|Mixed Platforms.ActiveCfg = Release|Any CPU
		{4100C779-F415-4FFF-91CB-B427ED1A01E0}.Release|Mixed Platforms.Build.0 = Release|Any CPU
		{4100C779-F415-4FFF-91CB-B427ED1A01E0}.Release|Win32.ActiveCfg = Release|Any CPU
		{4100C779-F415-4FFF-91CB-B427ED1A01E0}.Release|x64.ActiveCfg = Release|Any CPU
		{4100C779-F415-4FFF-91CB-B427ED1A01E0}.Release|x86.ActiveCfg = Release|Any CPU
		{4100C779-F415-4FFF-91CB-B427ED1A01E0}.Release|x86.Build.0 = Release|Any CPU
		{E0665CA0-EA9D-452D-BAFC-1F369815423D}.Debug|Any CPU.ActiveCfg = Debug|Any CPU
		{E0665CA0-EA9D-452D-BAFC-1F369815423D}.Debug|Any CPU.Build.0 = Debug|Any CPU
		{E0665CA0-EA9D-452D-BAFC-1F369815423D}.Debug|Mixed Platforms.ActiveCfg = Debug|Any CPU
		{E0665CA0-EA9D-452D-BAFC-1F369815423D}.Debug|Mixed Platforms.Build.0 = Debug|Any CPU
		{E0665CA0-EA9D-452D-BAFC-1F369815423D}.Debug|Win32.ActiveCfg = Debug|Any CPU
		{E0665CA0-EA9D-452D-BAFC-1F369815423D}.Debug|x64.ActiveCfg = Debug|Any CPU
		{E0665CA0-EA9D-452D-BAFC-1F369815423D}.Debug|x86.ActiveCfg = Debug|Any CPU
		{E0665CA0-EA9D-452D-BAFC-1F369815423D}.Debug|x86.Build.0 = Debug|Any CPU
		{E0665CA0-EA9D-452D-BAFC-1F369815423D}.Release|Any CPU.ActiveCfg = Release|Any CPU
		{E0665CA0-EA9D-452D-BAFC-1F369815423D}.Release|Any CPU.Build.0 = Release|Any CPU
		{E0665CA0-EA9D-452D-BAFC-1F369815423D}.Release|Mixed Platforms.ActiveCfg = Release|Any CPU
		{E0665CA0-EA9D-452D-BAFC-1F369815423D}.Release|Mixed Platforms.Build.0 = Release|Any CPU
		{E0665CA0-EA9D-452D-BAFC-1F369815423D}.Release|Win32.ActiveCfg = Release|Any CPU
		{E0665CA0-EA9D-452D-BAFC-1F369815423D}.Release|x64.ActiveCfg = Release|Any CPU
		{E0665CA0-EA9D-452D-BAFC-1F369815423D}.Release|x86.ActiveCfg = Release|Any CPU
		{E0665CA0-EA9D-452D-BAFC-1F369815423D}.Release|x86.Build.0 = Release|Any CPU
		{35474E71-4ED2-4C3C-8BDB-C33D2B260496}.Debug|Any CPU.ActiveCfg = Debug|Any CPU
		{35474E71-4ED2-4C3C-8BDB-C33D2B260496}.Debug|Any CPU.Build.0 = Debug|Any CPU
		{35474E71-4ED2-4C3C-8BDB-C33D2B260496}.Debug|Mixed Platforms.ActiveCfg = Debug|Any CPU
		{35474E71-4ED2-4C3C-8BDB-C33D2B260496}.Debug|Mixed Platforms.Build.0 = Debug|Any CPU
		{35474E71-4ED2-4C3C-8BDB-C33D2B260496}.Debug|Win32.ActiveCfg = Debug|Any CPU
		{35474E71-4ED2-4C3C-8BDB-C33D2B260496}.Debug|x64.ActiveCfg = Debug|Any CPU
		{35474E71-4ED2-4C3C-8BDB-C33D2B260496}.Debug|x86.ActiveCfg = Debug|Any CPU
		{35474E71-4ED2-4C3C-8BDB-C33D2B260496}.Debug|x86.Build.0 = Debug|Any CPU
		{35474E71-4ED2-4C3C-8BDB-C33D2B260496}.Release|Any CPU.ActiveCfg = Release|Any CPU
		{35474E71-4ED2-4C3C-8BDB-C33D2B260496}.Release|Any CPU.Build.0 = Release|Any CPU
		{35474E71-4ED2-4C3C-8BDB-C33D2B260496}.Release|Mixed Platforms.ActiveCfg = Release|Any CPU
		{35474E71-4ED2-4C3C-8BDB-C33D2B260496}.Release|Mixed Platforms.Build.0 = Release|Any CPU
		{35474E71-4ED2-4C3C-8BDB-C33D2B260496}.Release|Win32.ActiveCfg = Release|Any CPU
		{35474E71-4ED2-4C3C-8BDB-C33D2B260496}.Release|x64.ActiveCfg = Release|Any CPU
		{35474E71-4ED2-4C3C-8BDB-C33D2B260496}.Release|x86.ActiveCfg = Release|Any CPU
		{35474E71-4ED2-4C3C-8BDB-C33D2B260496}.Release|x86.Build.0 = Release|Any CPU
		{F5582F3E-552C-4EDA-B4EE-3F4BD9B0A9CF}.Debug|Any CPU.ActiveCfg = Debug|Any CPU
		{F5582F3E-552C-4EDA-B4EE-3F4BD9B0A9CF}.Debug|Any CPU.Build.0 = Debug|Any CPU
		{F5582F3E-552C-4EDA-B4EE-3F4BD9B0A9CF}.Debug|Mixed Platforms.ActiveCfg = Debug|Any CPU
		{F5582F3E-552C-4EDA-B4EE-3F4BD9B0A9CF}.Debug|Mixed Platforms.Build.0 = Debug|Any CPU
		{F5582F3E-552C-4EDA-B4EE-3F4BD9B0A9CF}.Debug|Win32.ActiveCfg = Debug|Any CPU
		{F5582F3E-552C-4EDA-B4EE-3F4BD9B0A9CF}.Debug|x64.ActiveCfg = Debug|Any CPU
		{F5582F3E-552C-4EDA-B4EE-3F4BD9B0A9CF}.Debug|x86.ActiveCfg = Debug|Any CPU
		{F5582F3E-552C-4EDA-B4EE-3F4BD9B0A9CF}.Debug|x86.Build.0 = Debug|Any CPU
		{F5582F3E-552C-4EDA-B4EE-3F4BD9B0A9CF}.Release|Any CPU.ActiveCfg = Release|Any CPU
		{F5582F3E-552C-4EDA-B4EE-3F4BD9B0A9CF}.Release|Any CPU.Build.0 = Release|Any CPU
		{F5582F3E-552C-4EDA-B4EE-3F4BD9B0A9CF}.Release|Mixed Platforms.ActiveCfg = Release|Any CPU
		{F5582F3E-552C-4EDA-B4EE-3F4BD9B0A9CF}.Release|Mixed Platforms.Build.0 = Release|Any CPU
		{F5582F3E-552C-4EDA-B4EE-3F4BD9B0A9CF}.Release|Win32.ActiveCfg = Release|Any CPU
		{F5582F3E-552C-4EDA-B4EE-3F4BD9B0A9CF}.Release|x64.ActiveCfg = Release|Any CPU
		{F5582F3E-552C-4EDA-B4EE-3F4BD9B0A9CF}.Release|x86.ActiveCfg = Release|Any CPU
		{F5582F3E-552C-4EDA-B4EE-3F4BD9B0A9CF}.Release|x86.Build.0 = Release|Any CPU
	EndGlobalSection
	GlobalSection(SolutionProperties) = preSolution
		HideSolutionNode = FALSE
	EndGlobalSection
EndGlobal
