Microsoft Visual Studio Solution File, Format Version 12.00
# Visual Studio Version 17
VisualStudioVersion = 17.1.32328.378
MinimumVisualStudioVersion = 10.0.40219.1
Project("{FAE04EC0-301F-11D3-BF4B-00C04F79EFBC}") = "ArzExplorer", "src\ARZExplorer\ArzExplorer.csproj", "{F5582F3E-552C-4EDA-B4EE-3F4BD9B0A9CF}"
EndProject
Project("{FAE04EC0-301F-11D3-BF4B-00C04F79EFBC}") = "TQVaultAE.GUI", "src\TQVaultAE.GUI\TQVaultAE.GUI.csproj", "{5A472C5B-BC7E-46EE-905E-93CCD53E8EAA}"
	ProjectSection(ProjectDependencies) = postProject
		{C74E317C-9516-401B-88B5-29B2AE551013} = {C74E317C-9516-401B-88B5-29B2AE551013}
		{F5582F3E-552C-4EDA-B4EE-3F4BD9B0A9CF} = {F5582F3E-552C-4EDA-B4EE-3F4BD9B0A9CF}
	EndProjectSection
EndProject
Project("{2150E333-8FDC-42A3-9474-1A3956D46DE8}") = "Solution Items", "Solution Items", "{20915EFE-C25B-499E-9CB6-5888F29BC32F}"
	ProjectSection(SolutionItems) = preProject
		documentation\ADVANCEDSEARCH.md = documentation\ADVANCEDSEARCH.md
		documentation\AFFIXES.md = documentation\AFFIXES.md
		documentation\ARZEXPLORER.md = documentation\ARZEXPLORER.md
		CHANGELOG.md = CHANGELOG.md
		CONTRIBUTING.md = CONTRIBUTING.md
		documentation\FORGE.md = documentation\FORGE.md
		documentation\GITBACKUP.md = documentation\GITBACKUP.md
		documentation\HIGHLIGHT.md = documentation\HIGHLIGHT.md
		src\IsExternalInit.cs = src\IsExternalInit.cs
		src\MsBuildAL1073WarningWorkaround.config = src\MsBuildAL1073WarningWorkaround.config
		src\publishtobin.bat = src\publishtobin.bat
		README.md = README.md
		documentation\SAVEFILEEXPLORER.md = documentation\SAVEFILEEXPLORER.md
		documentation\TQORIGINAL.md = documentation\TQORIGINAL.md
		src\XCOPY_EXCLUDE.txt = src\XCOPY_EXCLUDE.txt
	EndProjectSection
EndProject
Project("{FAE04EC0-301F-11D3-BF4B-00C04F79EFBC}") = "TQ.SaveFilesExplorer", "src\TQSaveFilesExplorer\TQ.SaveFilesExplorer.csproj", "{C74E317C-9516-401B-88B5-29B2AE551013}"
EndProject
Project("{9A19103F-16F7-4668-BE54-9A1E7A4F7556}") = "TQVaultAE.Data", "src\TQVaultAE.Data\TQVaultAE.Data.csproj", "{F0D211FA-6FE0-4AB6-AD33-65C1F3DFA895}"
EndProject
Project("{9A19103F-16F7-4668-BE54-9A1E7A4F7556}") = "TQVaultAE.Logs", "src\TQVaultAE.Logs\TQVaultAE.Logs.csproj", "{A3715670-C701-4623-B9BA-9A48FCA95ADC}"
EndProject
Project("{9A19103F-16F7-4668-BE54-9A1E7A4F7556}") = "TQVaultAE.Config", "src\TQVaultAE.Config\TQVaultAE.Config.csproj", "{2434D5C6-EFBB-414D-93D6-2236FA62C0BC}"
EndProject
Project("{9A19103F-16F7-4668-BE54-9A1E7A4F7556}") = "TQVaultAE.Presentation", "src\TQVaultAE.Presentation\TQVaultAE.Presentation.csproj", "{6E20606D-9460-469F-B340-D3418165A19B}"
EndProject
Project("{9A19103F-16F7-4668-BE54-9A1E7A4F7556}") = "TQVaultAE.Services", "src\TQVaultAE.Services\TQVaultAE.Services.csproj", "{23F812FB-B5C7-4022-90A7-3B8D7A793E6A}"
EndProject
Project("{9A19103F-16F7-4668-BE54-9A1E7A4F7556}") = "TQVaultAE.Domain", "src\TQVaultAE.Domain\TQVaultAE.Domain.csproj", "{2A8E56BC-4567-4E29-A67D-202E39FC1748}"
EndProject
Project("{FAE04EC0-301F-11D3-BF4B-00C04F79EFBC}") = "TQVaultAE.Services.Win32", "src\TQVaultAE.Services.Win32\TQVaultAE.Services.Win32.csproj", "{E7A1426B-E531-4D67-9272-18DA5AE79484}"
EndProject
Global
	GlobalSection(SolutionConfigurationPlatforms) = preSolution
		Debug|Any CPU = Debug|Any CPU
		Debug|x64 = Debug|x64
		Debug|x86 = Debug|x86
		Release|Any CPU = Release|Any CPU
		Release|x64 = Release|x64
		Release|x86 = Release|x86
	EndGlobalSection
	GlobalSection(ProjectConfigurationPlatforms) = postSolution
		{F5582F3E-552C-4EDA-B4EE-3F4BD9B0A9CF}.Debug|Any CPU.ActiveCfg = Debug|Any CPU
		{F5582F3E-552C-4EDA-B4EE-3F4BD9B0A9CF}.Debug|Any CPU.Build.0 = Debug|Any CPU
		{F5582F3E-552C-4EDA-B4EE-3F4BD9B0A9CF}.Debug|x64.ActiveCfg = Debug|x64
		{F5582F3E-552C-4EDA-B4EE-3F4BD9B0A9CF}.Debug|x64.Build.0 = Debug|x64
		{F5582F3E-552C-4EDA-B4EE-3F4BD9B0A9CF}.Debug|x86.ActiveCfg = Debug|x86
		{F5582F3E-552C-4EDA-B4EE-3F4BD9B0A9CF}.Debug|x86.Build.0 = Debug|x86
		{F5582F3E-552C-4EDA-B4EE-3F4BD9B0A9CF}.Release|Any CPU.ActiveCfg = Release|Any CPU
		{F5582F3E-552C-4EDA-B4EE-3F4BD9B0A9CF}.Release|Any CPU.Build.0 = Release|Any CPU
		{F5582F3E-552C-4EDA-B4EE-3F4BD9B0A9CF}.Release|x64.ActiveCfg = Release|x64
		{F5582F3E-552C-4EDA-B4EE-3F4BD9B0A9CF}.Release|x64.Build.0 = Release|x64
		{F5582F3E-552C-4EDA-B4EE-3F4BD9B0A9CF}.Release|x86.ActiveCfg = Release|x86
		{F5582F3E-552C-4EDA-B4EE-3F4BD9B0A9CF}.Release|x86.Build.0 = Release|x86
		{5A472C5B-BC7E-46EE-905E-93CCD53E8EAA}.Debug|Any CPU.ActiveCfg = Debug|Any CPU
		{5A472C5B-BC7E-46EE-905E-93CCD53E8EAA}.Debug|Any CPU.Build.0 = Debug|Any CPU
		{5A472C5B-BC7E-46EE-905E-93CCD53E8EAA}.Debug|x64.ActiveCfg = Debug|x64
		{5A472C5B-BC7E-46EE-905E-93CCD53E8EAA}.Debug|x64.Build.0 = Debug|x64
		{5A472C5B-BC7E-46EE-905E-93CCD53E8EAA}.Debug|x86.ActiveCfg = Debug|x86
		{5A472C5B-BC7E-46EE-905E-93CCD53E8EAA}.Debug|x86.Build.0 = Debug|x86
		{5A472C5B-BC7E-46EE-905E-93CCD53E8EAA}.Release|Any CPU.ActiveCfg = Release|Any CPU
		{5A472C5B-BC7E-46EE-905E-93CCD53E8EAA}.Release|Any CPU.Build.0 = Release|Any CPU
		{5A472C5B-BC7E-46EE-905E-93CCD53E8EAA}.Release|x64.ActiveCfg = Release|x64
		{5A472C5B-BC7E-46EE-905E-93CCD53E8EAA}.Release|x64.Build.0 = Release|x64
		{5A472C5B-BC7E-46EE-905E-93CCD53E8EAA}.Release|x86.ActiveCfg = Release|x86
		{5A472C5B-BC7E-46EE-905E-93CCD53E8EAA}.Release|x86.Build.0 = Release|x86
		{C74E317C-9516-401B-88B5-29B2AE551013}.Debug|Any CPU.ActiveCfg = Debug|Any CPU
		{C74E317C-9516-401B-88B5-29B2AE551013}.Debug|Any CPU.Build.0 = Debug|Any CPU
		{C74E317C-9516-401B-88B5-29B2AE551013}.Debug|x64.ActiveCfg = Debug|x64
		{C74E317C-9516-401B-88B5-29B2AE551013}.Debug|x64.Build.0 = Debug|x64
		{C74E317C-9516-401B-88B5-29B2AE551013}.Debug|x86.ActiveCfg = Debug|x86
		{C74E317C-9516-401B-88B5-29B2AE551013}.Debug|x86.Build.0 = Debug|x86
		{C74E317C-9516-401B-88B5-29B2AE551013}.Release|Any CPU.ActiveCfg = Release|Any CPU
		{C74E317C-9516-401B-88B5-29B2AE551013}.Release|Any CPU.Build.0 = Release|Any CPU
		{C74E317C-9516-401B-88B5-29B2AE551013}.Release|x64.ActiveCfg = Release|x64
		{C74E317C-9516-401B-88B5-29B2AE551013}.Release|x64.Build.0 = Release|x64
		{C74E317C-9516-401B-88B5-29B2AE551013}.Release|x86.ActiveCfg = Release|x86
		{C74E317C-9516-401B-88B5-29B2AE551013}.Release|x86.Build.0 = Release|x86
		{F0D211FA-6FE0-4AB6-AD33-65C1F3DFA895}.Debug|Any CPU.ActiveCfg = Debug|Any CPU
		{F0D211FA-6FE0-4AB6-AD33-65C1F3DFA895}.Debug|Any CPU.Build.0 = Debug|Any CPU
		{F0D211FA-6FE0-4AB6-AD33-65C1F3DFA895}.Debug|x64.ActiveCfg = Debug|x64
		{F0D211FA-6FE0-4AB6-AD33-65C1F3DFA895}.Debug|x64.Build.0 = Debug|x64
		{F0D211FA-6FE0-4AB6-AD33-65C1F3DFA895}.Debug|x86.ActiveCfg = Debug|Any CPU
		{F0D211FA-6FE0-4AB6-AD33-65C1F3DFA895}.Debug|x86.Build.0 = Debug|Any CPU
		{F0D211FA-6FE0-4AB6-AD33-65C1F3DFA895}.Release|Any CPU.ActiveCfg = Release|Any CPU
		{F0D211FA-6FE0-4AB6-AD33-65C1F3DFA895}.Release|Any CPU.Build.0 = Release|Any CPU
		{F0D211FA-6FE0-4AB6-AD33-65C1F3DFA895}.Release|x64.ActiveCfg = Release|x64
		{F0D211FA-6FE0-4AB6-AD33-65C1F3DFA895}.Release|x64.Build.0 = Release|x64
		{F0D211FA-6FE0-4AB6-AD33-65C1F3DFA895}.Release|x86.ActiveCfg = Release|Any CPU
		{F0D211FA-6FE0-4AB6-AD33-65C1F3DFA895}.Release|x86.Build.0 = Release|Any CPU
		{A3715670-C701-4623-B9BA-9A48FCA95ADC}.Debug|Any CPU.ActiveCfg = Debug|Any CPU
		{A3715670-C701-4623-B9BA-9A48FCA95ADC}.Debug|Any CPU.Build.0 = Debug|Any CPU
		{A3715670-C701-4623-B9BA-9A48FCA95ADC}.Debug|x64.ActiveCfg = Debug|x64
		{A3715670-C701-4623-B9BA-9A48FCA95ADC}.Debug|x64.Build.0 = Debug|x64
		{A3715670-C701-4623-B9BA-9A48FCA95ADC}.Debug|x86.ActiveCfg = Debug|Any CPU
		{A3715670-C701-4623-B9BA-9A48FCA95ADC}.Debug|x86.Build.0 = Debug|Any CPU
		{A3715670-C701-4623-B9BA-9A48FCA95ADC}.Release|Any CPU.ActiveCfg = Release|Any CPU
		{A3715670-C701-4623-B9BA-9A48FCA95ADC}.Release|Any CPU.Build.0 = Release|Any CPU
		{A3715670-C701-4623-B9BA-9A48FCA95ADC}.Release|x64.ActiveCfg = Release|x64
		{A3715670-C701-4623-B9BA-9A48FCA95ADC}.Release|x64.Build.0 = Release|x64
		{A3715670-C701-4623-B9BA-9A48FCA95ADC}.Release|x86.ActiveCfg = Release|Any CPU
		{A3715670-C701-4623-B9BA-9A48FCA95ADC}.Release|x86.Build.0 = Release|Any CPU
		{2434D5C6-EFBB-414D-93D6-2236FA62C0BC}.Debug|Any CPU.ActiveCfg = Debug|Any CPU
		{2434D5C6-EFBB-414D-93D6-2236FA62C0BC}.Debug|Any CPU.Build.0 = Debug|Any CPU
		{2434D5C6-EFBB-414D-93D6-2236FA62C0BC}.Debug|x64.ActiveCfg = Debug|x64
		{2434D5C6-EFBB-414D-93D6-2236FA62C0BC}.Debug|x64.Build.0 = Debug|x64
		{2434D5C6-EFBB-414D-93D6-2236FA62C0BC}.Debug|x86.ActiveCfg = Debug|Any CPU
		{2434D5C6-EFBB-414D-93D6-2236FA62C0BC}.Debug|x86.Build.0 = Debug|Any CPU
		{2434D5C6-EFBB-414D-93D6-2236FA62C0BC}.Release|Any CPU.ActiveCfg = Release|Any CPU
		{2434D5C6-EFBB-414D-93D6-2236FA62C0BC}.Release|Any CPU.Build.0 = Release|Any CPU
		{2434D5C6-EFBB-414D-93D6-2236FA62C0BC}.Release|x64.ActiveCfg = Release|x64
		{2434D5C6-EFBB-414D-93D6-2236FA62C0BC}.Release|x64.Build.0 = Release|x64
		{2434D5C6-EFBB-414D-93D6-2236FA62C0BC}.Release|x86.ActiveCfg = Release|Any CPU
		{2434D5C6-EFBB-414D-93D6-2236FA62C0BC}.Release|x86.Build.0 = Release|Any CPU
		{6E20606D-9460-469F-B340-D3418165A19B}.Debug|Any CPU.ActiveCfg = Debug|Any CPU
		{6E20606D-9460-469F-B340-D3418165A19B}.Debug|Any CPU.Build.0 = Debug|Any CPU
		{6E20606D-9460-469F-B340-D3418165A19B}.Debug|x64.ActiveCfg = Debug|x64
		{6E20606D-9460-469F-B340-D3418165A19B}.Debug|x64.Build.0 = Debug|x64
		{6E20606D-9460-469F-B340-D3418165A19B}.Debug|x86.ActiveCfg = Debug|Any CPU
		{6E20606D-9460-469F-B340-D3418165A19B}.Debug|x86.Build.0 = Debug|Any CPU
		{6E20606D-9460-469F-B340-D3418165A19B}.Release|Any CPU.ActiveCfg = Release|Any CPU
		{6E20606D-9460-469F-B340-D3418165A19B}.Release|Any CPU.Build.0 = Release|Any CPU
		{6E20606D-9460-469F-B340-D3418165A19B}.Release|x64.ActiveCfg = Release|x64
		{6E20606D-9460-469F-B340-D3418165A19B}.Release|x64.Build.0 = Release|x64
		{6E20606D-9460-469F-B340-D3418165A19B}.Release|x86.ActiveCfg = Release|Any CPU
		{6E20606D-9460-469F-B340-D3418165A19B}.Release|x86.Build.0 = Release|Any CPU
		{23F812FB-B5C7-4022-90A7-3B8D7A793E6A}.Debug|Any CPU.ActiveCfg = Debug|Any CPU
		{23F812FB-B5C7-4022-90A7-3B8D7A793E6A}.Debug|Any CPU.Build.0 = Debug|Any CPU
		{23F812FB-B5C7-4022-90A7-3B8D7A793E6A}.Debug|x64.ActiveCfg = Debug|x64
		{23F812FB-B5C7-4022-90A7-3B8D7A793E6A}.Debug|x64.Build.0 = Debug|x64
		{23F812FB-B5C7-4022-90A7-3B8D7A793E6A}.Debug|x86.ActiveCfg = Debug|Any CPU
		{23F812FB-B5C7-4022-90A7-3B8D7A793E6A}.Debug|x86.Build.0 = Debug|Any CPU
		{23F812FB-B5C7-4022-90A7-3B8D7A793E6A}.Release|Any CPU.ActiveCfg = Release|Any CPU
		{23F812FB-B5C7-4022-90A7-3B8D7A793E6A}.Release|Any CPU.Build.0 = Release|Any CPU
		{23F812FB-B5C7-4022-90A7-3B8D7A793E6A}.Release|x64.ActiveCfg = Release|x64
		{23F812FB-B5C7-4022-90A7-3B8D7A793E6A}.Release|x64.Build.0 = Release|x64
		{23F812FB-B5C7-4022-90A7-3B8D7A793E6A}.Release|x86.ActiveCfg = Release|Any CPU
		{23F812FB-B5C7-4022-90A7-3B8D7A793E6A}.Release|x86.Build.0 = Release|Any CPU
		{2A8E56BC-4567-4E29-A67D-202E39FC1748}.Debug|Any CPU.ActiveCfg = Debug|Any CPU
		{2A8E56BC-4567-4E29-A67D-202E39FC1748}.Debug|Any CPU.Build.0 = Debug|Any CPU
		{2A8E56BC-4567-4E29-A67D-202E39FC1748}.Debug|x64.ActiveCfg = Debug|x64
		{2A8E56BC-4567-4E29-A67D-202E39FC1748}.Debug|x64.Build.0 = Debug|x64
		{2A8E56BC-4567-4E29-A67D-202E39FC1748}.Debug|x86.ActiveCfg = Debug|Any CPU
		{2A8E56BC-4567-4E29-A67D-202E39FC1748}.Debug|x86.Build.0 = Debug|Any CPU
		{2A8E56BC-4567-4E29-A67D-202E39FC1748}.Release|Any CPU.ActiveCfg = Release|Any CPU
		{2A8E56BC-4567-4E29-A67D-202E39FC1748}.Release|Any CPU.Build.0 = Release|Any CPU
		{2A8E56BC-4567-4E29-A67D-202E39FC1748}.Release|x64.ActiveCfg = Release|x64
		{2A8E56BC-4567-4E29-A67D-202E39FC1748}.Release|x64.Build.0 = Release|x64
		{2A8E56BC-4567-4E29-A67D-202E39FC1748}.Release|x86.ActiveCfg = Release|Any CPU
		{2A8E56BC-4567-4E29-A67D-202E39FC1748}.Release|x86.Build.0 = Release|Any CPU
		{E7A1426B-E531-4D67-9272-18DA5AE79484}.Debug|Any CPU.ActiveCfg = Debug|Any CPU
		{E7A1426B-E531-4D67-9272-18DA5AE79484}.Debug|Any CPU.Build.0 = Debug|Any CPU
		{E7A1426B-E531-4D67-9272-18DA5AE79484}.Debug|x64.ActiveCfg = Debug|x64
		{E7A1426B-E531-4D67-9272-18DA5AE79484}.Debug|x64.Build.0 = Debug|x64
		{E7A1426B-E531-4D67-9272-18DA5AE79484}.Debug|x86.ActiveCfg = Debug|x86
		{E7A1426B-E531-4D67-9272-18DA5AE79484}.Debug|x86.Build.0 = Debug|x86
		{E7A1426B-E531-4D67-9272-18DA5AE79484}.Release|Any CPU.ActiveCfg = Release|Any CPU
		{E7A1426B-E531-4D67-9272-18DA5AE79484}.Release|Any CPU.Build.0 = Release|Any CPU
		{E7A1426B-E531-4D67-9272-18DA5AE79484}.Release|x64.ActiveCfg = Release|x64
		{E7A1426B-E531-4D67-9272-18DA5AE79484}.Release|x64.Build.0 = Release|x64
		{E7A1426B-E531-4D67-9272-18DA5AE79484}.Release|x86.ActiveCfg = Release|x86
		{E7A1426B-E531-4D67-9272-18DA5AE79484}.Release|x86.Build.0 = Release|x86
	EndGlobalSection
	GlobalSection(SolutionProperties) = preSolution
		HideSolutionNode = FALSE
	EndGlobalSection
	GlobalSection(ExtensibilityGlobals) = postSolution
		SolutionGuid = {3A206101-9AE3-42AE-8ABE-227918767B10}
	EndGlobalSection
EndGlobal
