Microsoft Visual Studio Solution File, Format Version 12.00
# Visual Studio Version 16
VisualStudioVersion = 16.0.28803.352
MinimumVisualStudioVersion = 10.0.40219.1
Project("{FAE04EC0-301F-11D3-BF4B-00C04F79EFBC}") = "ArzExplorer", "src\ARZExplorer\ArzExplorer.csproj", "{F5582F3E-552C-4EDA-B4EE-3F4BD9B0A9CF}"
EndProject
Project("{FAE04EC0-301F-11D3-BF4B-00C04F79EFBC}") = "ExpressionEvaluator", "src\ExpEval\ExpressionEvaluator.csproj", "{E0665CA0-EA9D-452D-BAFC-1F369815423D}"
EndProject
Project("{FAE04EC0-301F-11D3-BF4B-00C04F79EFBC}") = "TQVaultAE.DAL", "src\TQVaultAE.DAL\TQVaultAE.DAL.csproj", "{35474E71-4ED2-4C3C-8BDB-C33D2B260496}"
EndProject
Project("{FAE04EC0-301F-11D3-BF4B-00C04F79EFBC}") = "TQVaultAE.GUI", "src\TQVaultAE.GUI\TQVaultAE.GUI.csproj", "{5A472C5B-BC7E-46EE-905E-93CCD53E8EAA}"
EndProject
Project("{2150E333-8FDC-42A3-9474-1A3956D46DE8}") = "libs", "libs", "{6572EC1D-9010-4EA7-9A3F-FC1F93C9F293}"
	ProjectSection(SolutionItems) = preProject
		libs\DevIL.dll = libs\DevIL.dll
		libs\Tao.DevIl.dll = libs\Tao.DevIl.dll
		libs\VXPLib.dll = libs\VXPLib.dll
		libs\VXPLibrary.dll = libs\VXPLibrary.dll
	EndProjectSection
EndProject
Project("{2150E333-8FDC-42A3-9474-1A3956D46DE8}") = "Solution Items", "Solution Items", "{20915EFE-C25B-499E-9CB6-5888F29BC32F}"
	ProjectSection(SolutionItems) = preProject
		src\MsBuildAL1073WarningWorkaround.config = src\MsBuildAL1073WarningWorkaround.config
		src\ReleaseVersionInfo.cs = src\ReleaseVersionInfo.cs
	EndProjectSection
EndProject
Project("{FAE04EC0-301F-11D3-BF4B-00C04F79EFBC}") = "TQVaultAE.Logging", "src\TQVaultAE.Logging\TQVaultAE.Logging.csproj", "{74BDD814-3436-4D38-9789-F980309B8A6F}"
EndProject
Project("{FAE04EC0-301F-11D3-BF4B-00C04F79EFBC}") = "TQ.SaveFilesExplorer", "src\TQSaveFilesExplorer\TQ.SaveFilesExplorer.csproj", "{C74E317C-9516-401B-88B5-29B2AE551013}"
EndProject
Global
	GlobalSection(SolutionConfigurationPlatforms) = preSolution
		Debug|Any CPU = Debug|Any CPU
		Debug|x86 = Debug|x86
		Release|Any CPU = Release|Any CPU
		Release|x86 = Release|x86
	EndGlobalSection
	GlobalSection(ProjectConfigurationPlatforms) = postSolution
		{F5582F3E-552C-4EDA-B4EE-3F4BD9B0A9CF}.Debug|Any CPU.ActiveCfg = Debug|x86
		{F5582F3E-552C-4EDA-B4EE-3F4BD9B0A9CF}.Debug|Any CPU.Build.0 = Debug|x86
		{F5582F3E-552C-4EDA-B4EE-3F4BD9B0A9CF}.Debug|x86.ActiveCfg = Debug|x86
		{F5582F3E-552C-4EDA-B4EE-3F4BD9B0A9CF}.Debug|x86.Build.0 = Debug|x86
		{F5582F3E-552C-4EDA-B4EE-3F4BD9B0A9CF}.Release|Any CPU.ActiveCfg = Release|x86
		{F5582F3E-552C-4EDA-B4EE-3F4BD9B0A9CF}.Release|Any CPU.Build.0 = Release|x86
		{F5582F3E-552C-4EDA-B4EE-3F4BD9B0A9CF}.Release|x86.ActiveCfg = Release|x86
		{F5582F3E-552C-4EDA-B4EE-3F4BD9B0A9CF}.Release|x86.Build.0 = Release|x86
		{E0665CA0-EA9D-452D-BAFC-1F369815423D}.Debug|Any CPU.ActiveCfg = Debug|x86
		{E0665CA0-EA9D-452D-BAFC-1F369815423D}.Debug|Any CPU.Build.0 = Debug|x86
		{E0665CA0-EA9D-452D-BAFC-1F369815423D}.Debug|x86.ActiveCfg = Debug|x86
		{E0665CA0-EA9D-452D-BAFC-1F369815423D}.Debug|x86.Build.0 = Debug|x86
		{E0665CA0-EA9D-452D-BAFC-1F369815423D}.Release|Any CPU.ActiveCfg = Release|x86
		{E0665CA0-EA9D-452D-BAFC-1F369815423D}.Release|Any CPU.Build.0 = Release|x86
		{E0665CA0-EA9D-452D-BAFC-1F369815423D}.Release|x86.ActiveCfg = Release|x86
		{E0665CA0-EA9D-452D-BAFC-1F369815423D}.Release|x86.Build.0 = Release|x86
		{35474E71-4ED2-4C3C-8BDB-C33D2B260496}.Debug|Any CPU.ActiveCfg = Debug|x86
		{35474E71-4ED2-4C3C-8BDB-C33D2B260496}.Debug|Any CPU.Build.0 = Debug|x86
		{35474E71-4ED2-4C3C-8BDB-C33D2B260496}.Debug|x86.ActiveCfg = Debug|x86
		{35474E71-4ED2-4C3C-8BDB-C33D2B260496}.Debug|x86.Build.0 = Debug|x86
		{35474E71-4ED2-4C3C-8BDB-C33D2B260496}.Release|Any CPU.ActiveCfg = Release|x86
		{35474E71-4ED2-4C3C-8BDB-C33D2B260496}.Release|Any CPU.Build.0 = Release|x86
		{35474E71-4ED2-4C3C-8BDB-C33D2B260496}.Release|x86.ActiveCfg = Release|x86
		{35474E71-4ED2-4C3C-8BDB-C33D2B260496}.Release|x86.Build.0 = Release|x86
		{5A472C5B-BC7E-46EE-905E-93CCD53E8EAA}.Debug|Any CPU.ActiveCfg = Debug|x86
		{5A472C5B-BC7E-46EE-905E-93CCD53E8EAA}.Debug|Any CPU.Build.0 = Debug|x86
		{5A472C5B-BC7E-46EE-905E-93CCD53E8EAA}.Debug|x86.ActiveCfg = Debug|x86
		{5A472C5B-BC7E-46EE-905E-93CCD53E8EAA}.Debug|x86.Build.0 = Debug|x86
		{5A472C5B-BC7E-46EE-905E-93CCD53E8EAA}.Release|Any CPU.ActiveCfg = Release|x86
		{5A472C5B-BC7E-46EE-905E-93CCD53E8EAA}.Release|Any CPU.Build.0 = Release|x86
		{5A472C5B-BC7E-46EE-905E-93CCD53E8EAA}.Release|x86.ActiveCfg = Release|x86
		{5A472C5B-BC7E-46EE-905E-93CCD53E8EAA}.Release|x86.Build.0 = Release|x86
		{74BDD814-3436-4D38-9789-F980309B8A6F}.Debug|Any CPU.ActiveCfg = Debug|x86
		{74BDD814-3436-4D38-9789-F980309B8A6F}.Debug|Any CPU.Build.0 = Debug|x86
		{74BDD814-3436-4D38-9789-F980309B8A6F}.Debug|x86.ActiveCfg = Debug|x86
		{74BDD814-3436-4D38-9789-F980309B8A6F}.Debug|x86.Build.0 = Debug|x86
		{74BDD814-3436-4D38-9789-F980309B8A6F}.Release|Any CPU.ActiveCfg = Release|x86
		{74BDD814-3436-4D38-9789-F980309B8A6F}.Release|Any CPU.Build.0 = Release|x86
		{74BDD814-3436-4D38-9789-F980309B8A6F}.Release|x86.ActiveCfg = Release|x86
		{74BDD814-3436-4D38-9789-F980309B8A6F}.Release|x86.Build.0 = Release|x86
		{C74E317C-9516-401B-88B5-29B2AE551013}.Debug|Any CPU.ActiveCfg = Debug|Any CPU
		{C74E317C-9516-401B-88B5-29B2AE551013}.Debug|Any CPU.Build.0 = Debug|Any CPU
		{C74E317C-9516-401B-88B5-29B2AE551013}.Debug|x86.ActiveCfg = Debug|x86
		{C74E317C-9516-401B-88B5-29B2AE551013}.Debug|x86.Build.0 = Debug|x86
		{C74E317C-9516-401B-88B5-29B2AE551013}.Release|Any CPU.ActiveCfg = Release|Any CPU
		{C74E317C-9516-401B-88B5-29B2AE551013}.Release|Any CPU.Build.0 = Release|Any CPU
		{C74E317C-9516-401B-88B5-29B2AE551013}.Release|x86.ActiveCfg = Release|x86
		{C74E317C-9516-401B-88B5-29B2AE551013}.Release|x86.Build.0 = Release|x86
	EndGlobalSection
	GlobalSection(SolutionProperties) = preSolution
		HideSolutionNode = FALSE
	EndGlobalSection
	GlobalSection(ExtensibilityGlobals) = postSolution
		SolutionGuid = {3A206101-9AE3-42AE-8ABE-227918767B10}
	EndGlobalSection
EndGlobal
